
Microsoft Visual Studio Solution File, Format Version 12.00
# Visual Studio Version 17
Project("{8BC9CEB8-8B4A-11D0-8D11-00A0C91BC942}") = "ALL_BUILD", "ALL_BUILD.vcxproj", "{51C9E2B4-7299-367E-A913-9EFF4524DE16}"
	ProjectSection(ProjectDependencies) = postProject
		{70A91E37-DF27-3B51-A7EF-BAE2D27F5E2A} = {70A91E37-DF27-3B51-A7EF-BAE2D27F5E2A}
		{B46F3F18-7C2A-353A-96A8-A73883048962} = {B46F3F18-7C2A-353A-96A8-A73883048962}
	EndProjectSection
EndProject
Project("{8BC9CEB8-8B4A-11D0-8D11-00A0C91BC942}") = "ZERO_CHECK", "ZERO_CHECK.vcxproj", "{70A91E37-DF27-3B51-A7EF-BAE2D27F5E2A}"
	ProjectSection(ProjectDependencies) = postProject
	EndProjectSection
EndProject
Project("{8BC9CEB8-8B4A-11D0-8D11-00A0C91BC942}") = "testing", "testing.vcxproj", "{B46F3F18-7C2A-353A-96A8-A73883048962}"
	ProjectSection(ProjectDependencies) = postProject
		{70A91E37-DF27-3B51-A7EF-BAE2D27F5E2A} = {70A91E37-DF27-3B51-A7EF-BAE2D27F5E2A}
	EndProjectSection
EndProject
Global
	GlobalSection(SolutionConfigurationPlatforms) = preSolution
		Debug|x64 = Debug|x64
		Release|x64 = Release|x64
		MinSizeRel|x64 = MinSizeRel|x64
		RelWithDebInfo|x64 = RelWithDebInfo|x64
	EndGlobalSection
	GlobalSection(ProjectConfigurationPlatforms) = postSolution
		{51C9E2B4-7299-367E-A913-9EFF4524DE16}.Debug|x64.ActiveCfg = Debug|x64
		{51C9E2B4-7299-367E-A913-9EFF4524DE16}.Release|x64.ActiveCfg = Release|x64
		{51C9E2B4-7299-367E-A913-9EFF4524DE16}.MinSizeRel|x64.ActiveCfg = MinSizeRel|x64
		{51C9E2B4-7299-367E-A913-9EFF4524DE16}.RelWithDebInfo|x64.ActiveCfg = RelWithDebInfo|x64
		{70A91E37-DF27-3B51-A7EF-BAE2D27F5E2A}.Debug|x64.ActiveCfg = Debug|x64
		{70A91E37-DF27-3B51-A7EF-BAE2D27F5E2A}.Debug|x64.Build.0 = Debug|x64
		{70A91E37-DF27-3B51-A7EF-BAE2D27F5E2A}.Release|x64.ActiveCfg = Release|x64
		{70A91E37-DF27-3B51-A7EF-BAE2D27F5E2A}.Release|x64.Build.0 = Release|x64
		{70A91E37-DF27-3B51-A7EF-BAE2D27F5E2A}.MinSizeRel|x64.ActiveCfg = MinSizeRel|x64
		{70A91E37-DF27-3B51-A7EF-BAE2D27F5E2A}.MinSizeRel|x64.Build.0 = MinSizeRel|x64
		{70A91E37-DF27-3B51-A7EF-BAE2D27F5E2A}.RelWithDebInfo|x64.ActiveCfg = RelWithDebInfo|x64
		{70A91E37-DF27-3B51-A7EF-BAE2D27F5E2A}.RelWithDebInfo|x64.Build.0 = RelWithDebInfo|x64
		{B46F3F18-7C2A-353A-96A8-A73883048962}.Debug|x64.ActiveCfg = Debug|x64
		{B46F3F18-7C2A-353A-96A8-A73883048962}.Debug|x64.Build.0 = Debug|x64
		{B46F3F18-7C2A-353A-96A8-A73883048962}.Release|x64.ActiveCfg = Release|x64
		{B46F3F18-7C2A-353A-96A8-A73883048962}.Release|x64.Build.0 = Release|x64
		{B46F3F18-7C2A-353A-96A8-A73883048962}.MinSizeRel|x64.ActiveCfg = MinSizeRel|x64
		{B46F3F18-7C2A-353A-96A8-A73883048962}.MinSizeRel|x64.Build.0 = MinSizeRel|x64
		{B46F3F18-7C2A-353A-96A8-A73883048962}.RelWithDebInfo|x64.ActiveCfg = RelWithDebInfo|x64
		{B46F3F18-7C2A-353A-96A8-A73883048962}.RelWithDebInfo|x64.Build.0 = RelWithDebInfo|x64
	EndGlobalSection
	GlobalSection(ExtensibilityGlobals) = postSolution
		SolutionGuid = {2E0769A8-EEA2-3E94-9D18-480F4734E501}
	EndGlobalSection
	GlobalSection(ExtensibilityAddIns) = postSolution
	EndGlobalSection
EndGlobal
