<?xml version="1.0" encoding="utf-8"?>
<Project ToolsVersion="17.0" xmlns="http://schemas.microsoft.com/developer/msbuild/2003">
  <ItemGroup>
    <CustomBuild Include="C:\Users\elsa2\Documents\Master\Computational Continuum Physics\test\CMakeFiles\756929b19e157958190e6f4f0c0188de\generate.stamp.rule">
      <Filter>CMake Rules</Filter>
    </CustomBuild>
  </ItemGroup>
  <ItemGroup>
    <Filter Include="CMake Rules">
      <UniqueIdentifier>{34688BD4-106B-3882-8541-59B1E636403C}</UniqueIdentifier>
    </Filter>
  </ItemGroup>
</Project>
